schema: '2.0'
stages:
  build_bin:
    cmd: cargo build --release
    deps:
    - path: Cargo.toml
      md5: 0e5249de0e7ec499465859cf03f3585d
      size: 352
    - path: src/main.rs
      md5: 2f3caa5a65f0cfb4c92f9668fa9dec04
      size: 2495
  preprocess:
    cmd: ./target/release/torch-mlops
    deps:
    - path: ./target/release/torch-mlops
      md5: 921438503821fe1e6856017eed66a2b9
      size: 21630016
    - path: data/raw/autompg.csv
      md5: 6e54e3cb41fb0219bc780b4387a7c2e4
      size: 17725
    outs:
    - path: data/processed
      md5: 64d6354f40d3000d0040d14a8f060947.dir
      size: 41552
      nfiles: 3
